// !$*UTF8*$!
{
	archiveVersion = 1;
	classes = {
	};
	objectVersion = 56;
	objects = {

/* Begin PBXBuildFile section */
		1508BC732C60FBBF008FFB2C /* OAuth2Service.swift in Sources */ = {isa = PBXBuildFile; fileRef = 1508BC722C60FBBF008FFB2C /* OAuth2Service.swift */; };
		1508BC752C6107D9008FFB2C /* URLSession+data.swift in Sources */ = {isa = PBXBuildFile; fileRef = 1508BC742C6107D9008FFB2C /* URLSession+data.swift */; };
		1508BC772C610BF8008FFB2C /* OAuth2TokenStorage.swift in Sources */ = {isa = PBXBuildFile; fileRef = 1508BC762C610BF8008FFB2C /* OAuth2TokenStorage.swift */; };
		1508BC7A2C612250008FFB2C /* SplashViewController.swift in Sources */ = {isa = PBXBuildFile; fileRef = 1508BC792C612250008FFB2C /* SplashViewController.swift */; };
		1517F8DD2C6FD63D000C9B79 /* ProfileService.swift in Sources */ = {isa = PBXBuildFile; fileRef = 1517F8DC2C6FD63D000C9B79 /* ProfileService.swift */; };
		151D8A492C6BFF8E004A5DD3 /* ProgressHUD in Frameworks */ = {isa = PBXBuildFile; productRef = 151D8A482C6BFF8E004A5DD3 /* ProgressHUD */; };
		155021F72C7C4E2100E8896F /* Kingfisher in Frameworks */ = {isa = PBXBuildFile; productRef = 155021F62C7C4E2100E8896F /* Kingfisher */; };
		156B4FBC2C62D02B0081F8CB /* OAuthTokenModel.swift in Sources */ = {isa = PBXBuildFile; fileRef = 156B4FBB2C62D02B0081F8CB /* OAuthTokenModel.swift */; };
		15707DF82C3C63ED005093BB /* AppDelegate.swift in Sources */ = {isa = PBXBuildFile; fileRef = 15707DF72C3C63ED005093BB /* AppDelegate.swift */; };
		15707DFA2C3C63ED005093BB /* SceneDelegate.swift in Sources */ = {isa = PBXBuildFile; fileRef = 15707DF92C3C63ED005093BB /* SceneDelegate.swift */; };
		15707DFC2C3C63ED005093BB /* ImagesListViewController.swift in Sources */ = {isa = PBXBuildFile; fileRef = 15707DFB2C3C63ED005093BB /* ImagesListViewController.swift */; };
		15707DFF2C3C63ED005093BB /* Base in Resources */ = {isa = PBXBuildFile; fileRef = 15707DFE2C3C63ED005093BB /* Base */; };
		15707E012C3C63EE005093BB /* Assets.xcassets in Resources */ = {isa = PBXBuildFile; fileRef = 15707E002C3C63EE005093BB /* Assets.xcassets */; };
		15707E042C3C63EE005093BB /* Base in Resources */ = {isa = PBXBuildFile; fileRef = 15707E032C3C63EE005093BB /* Base */; };
		158FD1022C6D47ED00F10138 /* UIBlockingProgressHUD.swift in Sources */ = {isa = PBXBuildFile; fileRef = 158FD1012C6D47ED00F10138 /* UIBlockingProgressHUD.swift */; };
		15A445142C59598E00D0B934 /* AuthViewController.swift in Sources */ = {isa = PBXBuildFile; fileRef = 15A445132C59598E00D0B934 /* AuthViewController.swift */; };
		15A445162C595B1A00D0B934 /* WebViewViewController.swift in Sources */ = {isa = PBXBuildFile; fileRef = 15A445152C595B1A00D0B934 /* WebViewViewController.swift */; };
		15AC3F3F2C580CC800698278 /* Constants.swift in Sources */ = {isa = PBXBuildFile; fileRef = 15AC3F3E2C580CC800698278 /* Constants.swift */; };
		15CB5A742C3EFA7D00CA5CD7 /* ImageListCell.swift in Sources */ = {isa = PBXBuildFile; fileRef = 15CB5A732C3EFA7D00CA5CD7 /* ImageListCell.swift */; };
		15CB5A782C4BD79C00CA5CD7 /* ProfileViewController.swift in Sources */ = {isa = PBXBuildFile; fileRef = 15CB5A772C4BD79C00CA5CD7 /* ProfileViewController.swift */; };
		15CB5A7C2C4BF27D00CA5CD7 /* SingleImageViewController.swift in Sources */ = {isa = PBXBuildFile; fileRef = 15CB5A7B2C4BF27D00CA5CD7 /* SingleImageViewController.swift */; };
		15E4309E2C8865E900255CC1 /* ProfileModel.swift in Sources */ = {isa = PBXBuildFile; fileRef = 15E4309D2C8865E900255CC1 /* ProfileModel.swift */; };
		15E430A02C8865FF00255CC1 /* ProfileResultModel.swift in Sources */ = {isa = PBXBuildFile; fileRef = 15E4309F2C8865FF00255CC1 /* ProfileResultModel.swift */; };
		15ECCE6D2C73BE5F00114C43 /* ProfileImageService.swift in Sources */ = {isa = PBXBuildFile; fileRef = 15ECCE6C2C73BE5F00114C43 /* ProfileImageService.swift */; };
		15F5E2A62C80F8E100EF8720 /* SwiftKeychainWrapper in Frameworks */ = {isa = PBXBuildFile; productRef = 15F5E2A52C80F8E100EF8720 /* SwiftKeychainWrapper */; };
		15F5E2A92C8113C300EF8720 /* TabBarController.swift in Sources */ = {isa = PBXBuildFile; fileRef = 15F5E2A82C8113C300EF8720 /* TabBarController.swift */; };
/* End PBXBuildFile section */

/* Begin PBXFileReference section */
		1508BC722C60FBBF008FFB2C /* OAuth2Service.swift */ = {isa = PBXFileReference; lastKnownFileType = sourcecode.swift; path = OAuth2Service.swift; sourceTree = "<group>"; };
		1508BC742C6107D9008FFB2C /* URLSession+data.swift */ = {isa = PBXFileReference; lastKnownFileType = sourcecode.swift; path = "URLSession+data.swift"; sourceTree = "<group>"; };
		1508BC762C610BF8008FFB2C /* OAuth2TokenStorage.swift */ = {isa = PBXFileReference; lastKnownFileType = sourcecode.swift; path = OAuth2TokenStorage.swift; sourceTree = "<group>"; };
		1508BC792C612250008FFB2C /* SplashViewController.swift */ = {isa = PBXFileReference; lastKnownFileType = sourcecode.swift; path = SplashViewController.swift; sourceTree = "<group>"; };
		1517F8DC2C6FD63D000C9B79 /* ProfileService.swift */ = {isa = PBXFileReference; lastKnownFileType = sourcecode.swift; path = ProfileService.swift; sourceTree = "<group>"; };
		156B4FBB2C62D02B0081F8CB /* OAuthTokenModel.swift */ = {isa = PBXFileReference; lastKnownFileType = sourcecode.swift; path = OAuthTokenModel.swift; sourceTree = "<group>"; };
		15707DF42C3C63ED005093BB /* ImageFeedIos.app */ = {isa = PBXFileReference; explicitFileType = wrapper.application; includeInIndex = 0; path = ImageFeedIos.app; sourceTree = BUILT_PRODUCTS_DIR; };
		15707DF72C3C63ED005093BB /* AppDelegate.swift */ = {isa = PBXFileReference; lastKnownFileType = sourcecode.swift; path = AppDelegate.swift; sourceTree = "<group>"; };
		15707DF92C3C63ED005093BB /* SceneDelegate.swift */ = {isa = PBXFileReference; lastKnownFileType = sourcecode.swift; path = SceneDelegate.swift; sourceTree = "<group>"; };
		15707DFB2C3C63ED005093BB /* ImagesListViewController.swift */ = {isa = PBXFileReference; lastKnownFileType = sourcecode.swift; path = ImagesListViewController.swift; sourceTree = "<group>"; };
		15707DFE2C3C63ED005093BB /* Base */ = {isa = PBXFileReference; lastKnownFileType = file.storyboard; name = Base; path = Base.lproj/Main.storyboard; sourceTree = "<group>"; };
		15707E002C3C63EE005093BB /* Assets.xcassets */ = {isa = PBXFileReference; lastKnownFileType = folder.assetcatalog; path = Assets.xcassets; sourceTree = "<group>"; };
		15707E032C3C63EE005093BB /* Base */ = {isa = PBXFileReference; lastKnownFileType = file.storyboard; name = Base; path = Base.lproj/LaunchScreen.storyboard; sourceTree = "<group>"; };
		15707E052C3C63EE005093BB /* Info.plist */ = {isa = PBXFileReference; lastKnownFileType = text.plist.xml; path = Info.plist; sourceTree = "<group>"; };
		158FD1012C6D47ED00F10138 /* UIBlockingProgressHUD.swift */ = {isa = PBXFileReference; lastKnownFileType = sourcecode.swift; path = UIBlockingProgressHUD.swift; sourceTree = "<group>"; };
		15A445132C59598E00D0B934 /* AuthViewController.swift */ = {isa = PBXFileReference; lastKnownFileType = sourcecode.swift; path = AuthViewController.swift; sourceTree = "<group>"; };
		15A445152C595B1A00D0B934 /* WebViewViewController.swift */ = {isa = PBXFileReference; lastKnownFileType = sourcecode.swift; path = WebViewViewController.swift; sourceTree = "<group>"; };
		15AC3F3E2C580CC800698278 /* Constants.swift */ = {isa = PBXFileReference; lastKnownFileType = sourcecode.swift; path = Constants.swift; sourceTree = "<group>"; };
		15CB5A732C3EFA7D00CA5CD7 /* ImageListCell.swift */ = {isa = PBXFileReference; lastKnownFileType = sourcecode.swift; path = ImageListCell.swift; sourceTree = "<group>"; };
		15CB5A772C4BD79C00CA5CD7 /* ProfileViewController.swift */ = {isa = PBXFileReference; lastKnownFileType = sourcecode.swift; path = ProfileViewController.swift; sourceTree = "<group>"; };
		15CB5A7B2C4BF27D00CA5CD7 /* SingleImageViewController.swift */ = {isa = PBXFileReference; lastKnownFileType = sourcecode.swift; path = SingleImageViewController.swift; sourceTree = "<group>"; };
		15E4309D2C8865E900255CC1 /* ProfileModel.swift */ = {isa = PBXFileReference; lastKnownFileType = sourcecode.swift; path = ProfileModel.swift; sourceTree = "<group>"; };
		15E4309F2C8865FF00255CC1 /* ProfileResultModel.swift */ = {isa = PBXFileReference; lastKnownFileType = sourcecode.swift; path = ProfileResultModel.swift; sourceTree = "<group>"; };
		15ECCE6C2C73BE5F00114C43 /* ProfileImageService.swift */ = {isa = PBXFileReference; lastKnownFileType = sourcecode.swift; path = ProfileImageService.swift; sourceTree = "<group>"; };
		15F5E2A82C8113C300EF8720 /* TabBarController.swift */ = {isa = PBXFileReference; lastKnownFileType = sourcecode.swift; path = TabBarController.swift; sourceTree = "<group>"; };
/* End PBXFileReference section */

/* Begin PBXFrameworksBuildPhase section */
		15707DF12C3C63ED005093BB /* Frameworks */ = {
			isa = PBXFrameworksBuildPhase;
			buildActionMask = 2147483647;
			files = (
				155021F72C7C4E2100E8896F /* Kingfisher in Frameworks */,
				151D8A492C6BFF8E004A5DD3 /* ProgressHUD in Frameworks */,
				15F5E2A62C80F8E100EF8720 /* SwiftKeychainWrapper in Frameworks */,
			);
			runOnlyForDeploymentPostprocessing = 0;
		};
/* End PBXFrameworksBuildPhase section */

/* Begin PBXGroup section */
		1508BC782C61222B008FFB2C /* Splash */ = {
			isa = PBXGroup;
			children = (
				1508BC792C612250008FFB2C /* SplashViewController.swift */,
			);
			path = Splash;
			sourceTree = "<group>";
		};
		15181C2C2C3DA24800EFF010 /* Resources */ = {
			isa = PBXGroup;
			children = (
				15707E022C3C63EE005093BB /* LaunchScreen.storyboard */,
				15707E002C3C63EE005093BB /* Assets.xcassets */,
				15707E052C3C63EE005093BB /* Info.plist */,
			);
			path = Resources;
			sourceTree = "<group>";
		};
		15707DEB2C3C63ED005093BB = {
			isa = PBXGroup;
			children = (
				15707DF62C3C63ED005093BB /* ImageFeedIos */,
				15707DF52C3C63ED005093BB /* Products */,
			);
			sourceTree = "<group>";
		};
		15707DF52C3C63ED005093BB /* Products */ = {
			isa = PBXGroup;
			children = (
				15707DF42C3C63ED005093BB /* ImageFeedIos.app */,
			);
			name = Products;
			sourceTree = "<group>";
		};
		15707DF62C3C63ED005093BB /* ImageFeedIos */ = {
			isa = PBXGroup;
			children = (
				15707DF72C3C63ED005093BB /* AppDelegate.swift */,
				15707DF92C3C63ED005093BB /* SceneDelegate.swift */,
				15AC3F3E2C580CC800698278 /* Constants.swift */,
				15CB5A722C3EEB9A00CA5CD7 /* View */,
				15F5E2A72C8113A600EF8720 /* Tabbar */,
				1508BC782C61222B008FFB2C /* Splash */,
				15A445122C59597500D0B934 /* Auth */,
				15CB5A762C4BD77A00CA5CD7 /* Profile */,
				15CB5A752C3EFB6A00CA5CD7 /* ImageList */,
				15CB5A7D2C4BF4EC00CA5CD7 /* SingleImage */,
				158FD1002C6D47C000F10138 /* ProgressHUD */,
				15181C2C2C3DA24800EFF010 /* Resources */,
			);
			path = ImageFeedIos;
			sourceTree = "<group>";
		};
		158FD1002C6D47C000F10138 /* ProgressHUD */ = {
			isa = PBXGroup;
			children = (
				158FD1012C6D47ED00F10138 /* UIBlockingProgressHUD.swift */,
			);
			path = ProgressHUD;
			sourceTree = "<group>";
		};
		15A445122C59597500D0B934 /* Auth */ = {
			isa = PBXGroup;
			children = (
				15A445152C595B1A00D0B934 /* WebViewViewController.swift */,
				15A445132C59598E00D0B934 /* AuthViewController.swift */,
				1508BC722C60FBBF008FFB2C /* OAuth2Service.swift */,
				1508BC762C610BF8008FFB2C /* OAuth2TokenStorage.swift */,
				1508BC742C6107D9008FFB2C /* URLSession+data.swift */,
				156B4FBB2C62D02B0081F8CB /* OAuthTokenModel.swift */,
			);
			path = Auth;
			sourceTree = "<group>";
		};
		15CB5A722C3EEB9A00CA5CD7 /* View */ = {
			isa = PBXGroup;
			children = (
				15707DFD2C3C63ED005093BB /* Main.storyboard */,
			);
			path = View;
			sourceTree = "<group>";
		};
		15CB5A752C3EFB6A00CA5CD7 /* ImageList */ = {
			isa = PBXGroup;
			children = (
				15707DFB2C3C63ED005093BB /* ImagesListViewController.swift */,
				15CB5A732C3EFA7D00CA5CD7 /* ImageListCell.swift */,
			);
			path = ImageList;
			sourceTree = "<group>";
		};
		15CB5A762C4BD77A00CA5CD7 /* Profile */ = {
			isa = PBXGroup;
			children = (
				15CB5A772C4BD79C00CA5CD7 /* ProfileViewController.swift */,
				1517F8DC2C6FD63D000C9B79 /* ProfileService.swift */,
				15ECCE6C2C73BE5F00114C43 /* ProfileImageService.swift */,
				15E4309D2C8865E900255CC1 /* ProfileModel.swift */,
				15E4309F2C8865FF00255CC1 /* ProfileResultModel.swift */,
			);
			path = Profile;
			sourceTree = "<group>";
		};
		15CB5A7D2C4BF4EC00CA5CD7 /* SingleImage */ = {
			isa = PBXGroup;
			children = (
				15CB5A7B2C4BF27D00CA5CD7 /* SingleImageViewController.swift */,
			);
			path = SingleImage;
			sourceTree = "<group>";
		};
		15F5E2A72C8113A600EF8720 /* Tabbar */ = {
			isa = PBXGroup;
			children = (
				15F5E2A82C8113C300EF8720 /* TabBarController.swift */,
			);
			path = Tabbar;
			sourceTree = "<group>";
		};
/* End PBXGroup section */

/* Begin PBXNativeTarget section */
		15707DF32C3C63ED005093BB /* ImageFeedIos */ = {
			isa = PBXNativeTarget;
			buildConfigurationList = 15707E082C3C63EE005093BB /* Build configuration list for PBXNativeTarget "ImageFeedIos" */;
			buildPhases = (
				15707DF02C3C63ED005093BB /* Sources */,
				15707DF12C3C63ED005093BB /* Frameworks */,
				15707DF22C3C63ED005093BB /* Resources */,
			);
			buildRules = (
			);
			dependencies = (
			);
			name = ImageFeedIos;
			packageProductDependencies = (
				151D8A482C6BFF8E004A5DD3 /* ProgressHUD */,
				155021F62C7C4E2100E8896F /* Kingfisher */,
				15F5E2A52C80F8E100EF8720 /* SwiftKeychainWrapper */,
			);
			productName = ImageFeedIos;
			productReference = 15707DF42C3C63ED005093BB /* ImageFeedIos.app */;
			productType = "com.apple.product-type.application";
		};
/* End PBXNativeTarget section */

/* Begin PBXProject section */
		15707DEC2C3C63ED005093BB /* Project object */ = {
			isa = PBXProject;
			attributes = {
				BuildIndependentTargetsInParallel = 1;
				LastSwiftUpdateCheck = 1540;
				LastUpgradeCheck = 1540;
				TargetAttributes = {
					15707DF32C3C63ED005093BB = {
						CreatedOnToolsVersion = 15.4;
					};
				};
			};
			buildConfigurationList = 15707DEF2C3C63ED005093BB /* Build configuration list for PBXProject "ImageFeedIos" */;
			compatibilityVersion = "Xcode 14.0";
			developmentRegion = en;
			hasScannedForEncodings = 0;
			knownRegions = (
				en,
				Base,
			);
			mainGroup = 15707DEB2C3C63ED005093BB;
			packageReferences = (
				151D8A472C6BFF8E004A5DD3 /* XCRemoteSwiftPackageReference "ProgressHUD" */,
				155021F52C7C4E2100E8896F /* XCRemoteSwiftPackageReference "Kingfisher" */,
				15F5E2A42C80F8E100EF8720 /* XCRemoteSwiftPackageReference "SwiftKeychainWrapper" */,
			);
			productRefGroup = 15707DF52C3C63ED005093BB /* Products */;
			projectDirPath = "";
			projectRoot = "";
			targets = (
				15707DF32C3C63ED005093BB /* ImageFeedIos */,
			);
		};
/* End PBXProject section */

/* Begin PBXResourcesBuildPhase section */
		15707DF22C3C63ED005093BB /* Resources */ = {
			isa = PBXResourcesBuildPhase;
			buildActionMask = 2147483647;
			files = (
				15707E012C3C63EE005093BB /* Assets.xcassets in Resources */,
				15707E042C3C63EE005093BB /* Base in Resources */,
				15707DFF2C3C63ED005093BB /* Base in Resources */,
			);
			runOnlyForDeploymentPostprocessing = 0;
		};
/* End PBXResourcesBuildPhase section */

/* Begin PBXSourcesBuildPhase section */
		15707DF02C3C63ED005093BB /* Sources */ = {
			isa = PBXSourcesBuildPhase;
			buildActionMask = 2147483647;
			files = (
				15E430A02C8865FF00255CC1 /* ProfileResultModel.swift in Sources */,
				1508BC772C610BF8008FFB2C /* OAuth2TokenStorage.swift in Sources */,
				15707DFC2C3C63ED005093BB /* ImagesListViewController.swift in Sources */,
				15CB5A742C3EFA7D00CA5CD7 /* ImageListCell.swift in Sources */,
				15F5E2A92C8113C300EF8720 /* TabBarController.swift in Sources */,
				158FD1022C6D47ED00F10138 /* UIBlockingProgressHUD.swift in Sources */,
				15CB5A782C4BD79C00CA5CD7 /* ProfileViewController.swift in Sources */,
				156B4FBC2C62D02B0081F8CB /* OAuthTokenModel.swift in Sources */,
				1517F8DD2C6FD63D000C9B79 /* ProfileService.swift in Sources */,
				15707DF82C3C63ED005093BB /* AppDelegate.swift in Sources */,
				15A445142C59598E00D0B934 /* AuthViewController.swift in Sources */,
				1508BC7A2C612250008FFB2C /* SplashViewController.swift in Sources */,
				15AC3F3F2C580CC800698278 /* Constants.swift in Sources */,
				15CB5A7C2C4BF27D00CA5CD7 /* SingleImageViewController.swift in Sources */,
				1508BC752C6107D9008FFB2C /* URLSession+data.swift in Sources */,
				15E4309E2C8865E900255CC1 /* ProfileModel.swift in Sources */,
				15A445162C595B1A00D0B934 /* WebViewViewController.swift in Sources */,
				15ECCE6D2C73BE5F00114C43 /* ProfileImageService.swift in Sources */,
				1508BC732C60FBBF008FFB2C /* OAuth2Service.swift in Sources */,
				15707DFA2C3C63ED005093BB /* SceneDelegate.swift in Sources */,
			);
			runOnlyForDeploymentPostprocessing = 0;
		};
/* End PBXSourcesBuildPhase section */

/* Begin PBXVariantGroup section */
		15707DFD2C3C63ED005093BB /* Main.storyboard */ = {
			isa = PBXVariantGroup;
			children = (
				15707DFE2C3C63ED005093BB /* Base */,
			);
			name = Main.storyboard;
			sourceTree = "<group>";
		};
		15707E022C3C63EE005093BB /* LaunchScreen.storyboard */ = {
			isa = PBXVariantGroup;
			children = (
				15707E032C3C63EE005093BB /* Base */,
			);
			name = LaunchScreen.storyboard;
			sourceTree = "<group>";
		};
/* End PBXVariantGroup section */

/* Begin XCBuildConfiguration section */
		15707E062C3C63EE005093BB /* Debug */ = {
			isa = XCBuildConfiguration;
			buildSettings = {
				ALWAYS_SEARCH_USER_PATHS = NO;
				ASSETCATALOG_COMPILER_GENERATE_SWIFT_ASSET_SYMBOL_EXTENSIONS = YES;
				CLANG_ANALYZER_NONNULL = YES;
				CLANG_ANALYZER_NUMBER_OBJECT_CONVERSION = YES_AGGRESSIVE;
				CLANG_CXX_LANGUAGE_STANDARD = "gnu++20";
				CLANG_ENABLE_MODULES = YES;
				CLANG_ENABLE_OBJC_ARC = YES;
				CLANG_ENABLE_OBJC_WEAK = YES;
				CLANG_WARN_BLOCK_CAPTURE_AUTORELEASING = YES;
				CLANG_WARN_BOOL_CONVERSION = YES;
				CLANG_WARN_COMMA = YES;
				CLANG_WARN_CONSTANT_CONVERSION = YES;
				CLANG_WARN_DEPRECATED_OBJC_IMPLEMENTATIONS = YES;
				CLANG_WARN_DIRECT_OBJC_ISA_USAGE = YES_ERROR;
				CLANG_WARN_DOCUMENTATION_COMMENTS = YES;
				CLANG_WARN_EMPTY_BODY = YES;
				CLANG_WARN_ENUM_CONVERSION = YES;
				CLANG_WARN_INFINITE_RECURSION = YES;
				CLANG_WARN_INT_CONVERSION = YES;
				CLANG_WARN_NON_LITERAL_NULL_CONVERSION = YES;
				CLANG_WARN_OBJC_IMPLICIT_RETAIN_SELF = YES;
				CLANG_WARN_OBJC_LITERAL_CONVERSION = YES;
				CLANG_WARN_OBJC_ROOT_CLASS = YES_ERROR;
				CLANG_WARN_QUOTED_INCLUDE_IN_FRAMEWORK_HEADER = YES;
				CLANG_WARN_RANGE_LOOP_ANALYSIS = YES;
				CLANG_WARN_STRICT_PROTOTYPES = YES;
				CLANG_WARN_SUSPICIOUS_MOVE = YES;
				CLANG_WARN_UNGUARDED_AVAILABILITY = YES_AGGRESSIVE;
				CLANG_WARN_UNREACHABLE_CODE = YES;
				CLANG_WARN__DUPLICATE_METHOD_MATCH = YES;
				COPY_PHASE_STRIP = NO;
				DEBUG_INFORMATION_FORMAT = dwarf;
				ENABLE_STRICT_OBJC_MSGSEND = YES;
				ENABLE_TESTABILITY = YES;
				ENABLE_USER_SCRIPT_SANDBOXING = YES;
				GCC_C_LANGUAGE_STANDARD = gnu17;
				GCC_DYNAMIC_NO_PIC = NO;
				GCC_NO_COMMON_BLOCKS = YES;
				GCC_OPTIMIZATION_LEVEL = 0;
				GCC_PREPROCESSOR_DEFINITIONS = (
					"DEBUG=1",
					"$(inherited)",
				);
				GCC_WARN_64_TO_32_BIT_CONVERSION = YES;
				GCC_WARN_ABOUT_RETURN_TYPE = YES_ERROR;
				GCC_WARN_UNDECLARED_SELECTOR = YES;
				GCC_WARN_UNINITIALIZED_AUTOS = YES_AGGRESSIVE;
				GCC_WARN_UNUSED_FUNCTION = YES;
				GCC_WARN_UNUSED_VARIABLE = YES;
				IPHONEOS_DEPLOYMENT_TARGET = 13.0;
				LOCALIZATION_PREFERS_STRING_CATALOGS = YES;
				MTL_ENABLE_DEBUG_INFO = INCLUDE_SOURCE;
				MTL_FAST_MATH = YES;
				ONLY_ACTIVE_ARCH = YES;
				SDKROOT = iphoneos;
				SWIFT_ACTIVE_COMPILATION_CONDITIONS = "DEBUG $(inherited)";
				SWIFT_OPTIMIZATION_LEVEL = "-Onone";
			};
			name = Debug;
		};
		15707E072C3C63EE005093BB /* Release */ = {
			isa = XCBuildConfiguration;
			buildSettings = {
				ALWAYS_SEARCH_USER_PATHS = NO;
				ASSETCATALOG_COMPILER_GENERATE_SWIFT_ASSET_SYMBOL_EXTENSIONS = YES;
				CLANG_ANALYZER_NONNULL = YES;
				CLANG_ANALYZER_NUMBER_OBJECT_CONVERSION = YES_AGGRESSIVE;
				CLANG_CXX_LANGUAGE_STANDARD = "gnu++20";
				CLANG_ENABLE_MODULES = YES;
				CLANG_ENABLE_OBJC_ARC = YES;
				CLANG_ENABLE_OBJC_WEAK = YES;
				CLANG_WARN_BLOCK_CAPTURE_AUTORELEASING = YES;
				CLANG_WARN_BOOL_CONVERSION = YES;
				CLANG_WARN_COMMA = YES;
				CLANG_WARN_CONSTANT_CONVERSION = YES;
				CLANG_WARN_DEPRECATED_OBJC_IMPLEMENTATIONS = YES;
				CLANG_WARN_DIRECT_OBJC_ISA_USAGE = YES_ERROR;
				CLANG_WARN_DOCUMENTATION_COMMENTS = YES;
				CLANG_WARN_EMPTY_BODY = YES;
				CLANG_WARN_ENUM_CONVERSION = YES;
				CLANG_WARN_INFINITE_RECURSION = YES;
				CLANG_WARN_INT_CONVERSION = YES;
				CLANG_WARN_NON_LITERAL_NULL_CONVERSION = YES;
				CLANG_WARN_OBJC_IMPLICIT_RETAIN_SELF = YES;
				CLANG_WARN_OBJC_LITERAL_CONVERSION = YES;
				CLANG_WARN_OBJC_ROOT_CLASS = YES_ERROR;
				CLANG_WARN_QUOTED_INCLUDE_IN_FRAMEWORK_HEADER = YES;
				CLANG_WARN_RANGE_LOOP_ANALYSIS = YES;
				CLANG_WARN_STRICT_PROTOTYPES = YES;
				CLANG_WARN_SUSPICIOUS_MOVE = YES;
				CLANG_WARN_UNGUARDED_AVAILABILITY = YES_AGGRESSIVE;
				CLANG_WARN_UNREACHABLE_CODE = YES;
				CLANG_WARN__DUPLICATE_METHOD_MATCH = YES;
				COPY_PHASE_STRIP = NO;
				DEBUG_INFORMATION_FORMAT = "dwarf-with-dsym";
				ENABLE_NS_ASSERTIONS = NO;
				ENABLE_STRICT_OBJC_MSGSEND = YES;
				ENABLE_USER_SCRIPT_SANDBOXING = YES;
				GCC_C_LANGUAGE_STANDARD = gnu17;
				GCC_NO_COMMON_BLOCKS = YES;
				GCC_WARN_64_TO_32_BIT_CONVERSION = YES;
				GCC_WARN_ABOUT_RETURN_TYPE = YES_ERROR;
				GCC_WARN_UNDECLARED_SELECTOR = YES;
				GCC_WARN_UNINITIALIZED_AUTOS = YES_AGGRESSIVE;
				GCC_WARN_UNUSED_FUNCTION = YES;
				GCC_WARN_UNUSED_VARIABLE = YES;
				IPHONEOS_DEPLOYMENT_TARGET = 13.0;
				LOCALIZATION_PREFERS_STRING_CATALOGS = YES;
				MTL_ENABLE_DEBUG_INFO = NO;
				MTL_FAST_MATH = YES;
				SDKROOT = iphoneos;
				SWIFT_COMPILATION_MODE = wholemodule;
				VALIDATE_PRODUCT = YES;
			};
			name = Release;
		};
		15707E092C3C63EE005093BB /* Debug */ = {
			isa = XCBuildConfiguration;
			buildSettings = {
				ASSETCATALOG_COMPILER_APPICON_NAME = AppIcon;
				ASSETCATALOG_COMPILER_GLOBAL_ACCENT_COLOR_NAME = AccentColor;
				CODE_SIGN_STYLE = Automatic;
				CURRENT_PROJECT_VERSION = 1;
				DEVELOPMENT_TEAM = HR3483MW64;
				GENERATE_INFOPLIST_FILE = YES;
				INFOPLIST_FILE = ImageFeedIos/Resources/Info.plist;
				INFOPLIST_KEY_UIApplicationSupportsIndirectInputEvents = YES;
				INFOPLIST_KEY_UILaunchStoryboardName = LaunchScreen;
				INFOPLIST_KEY_UIMainStoryboardFile = Main;
				INFOPLIST_KEY_UISupportedInterfaceOrientations = UIInterfaceOrientationPortrait;
				IPHONEOS_DEPLOYMENT_TARGET = 13.0;
				LD_RUNPATH_SEARCH_PATHS = (
					"$(inherited)",
					"@executable_path/Frameworks",
				);
				MARKETING_VERSION = 1.0;
				PRODUCT_BUNDLE_IDENTIFIER = com.difinxhs.ImageFeedIos;
				PRODUCT_NAME = "$(TARGET_NAME)";
				SUPPORTED_PLATFORMS = "iphoneos iphonesimulator";
				SUPPORTS_MACCATALYST = NO;
				SUPPORTS_MAC_DESIGNED_FOR_IPHONE_IPAD = NO;
				SUPPORTS_XR_DESIGNED_FOR_IPHONE_IPAD = NO;
				SWIFT_EMIT_LOC_STRINGS = YES;
				SWIFT_VERSION = 5.0;
				TARGETED_DEVICE_FAMILY = 1;
			};
			name = Debug;
		};
		15707E0A2C3C63EE005093BB /* Release */ = {
			isa = XCBuildConfiguration;
			buildSettings = {
				ASSETCATALOG_COMPILER_APPICON_NAME = AppIcon;
				ASSETCATALOG_COMPILER_GLOBAL_ACCENT_COLOR_NAME = AccentColor;
				CODE_SIGN_STYLE = Automatic;
				CURRENT_PROJECT_VERSION = 1;
				DEVELOPMENT_TEAM = HR3483MW64;
				GENERATE_INFOPLIST_FILE = YES;
				INFOPLIST_FILE = ImageFeedIos/Resources/Info.plist;
				INFOPLIST_KEY_UIApplicationSupportsIndirectInputEvents = YES;
				INFOPLIST_KEY_UILaunchStoryboardName = LaunchScreen;
				INFOPLIST_KEY_UIMainStoryboardFile = Main;
				INFOPLIST_KEY_UISupportedInterfaceOrientations = UIInterfaceOrientationPortrait;
				IPHONEOS_DEPLOYMENT_TARGET = 13.0;
				LD_RUNPATH_SEARCH_PATHS = (
					"$(inherited)",
					"@executable_path/Frameworks",
				);
				MARKETING_VERSION = 1.0;
				PRODUCT_BUNDLE_IDENTIFIER = com.difinxhs.ImageFeedIos;
				PRODUCT_NAME = "$(TARGET_NAME)";
				SUPPORTED_PLATFORMS = "iphoneos iphonesimulator";
				SUPPORTS_MACCATALYST = NO;
				SUPPORTS_MAC_DESIGNED_FOR_IPHONE_IPAD = NO;
				SUPPORTS_XR_DESIGNED_FOR_IPHONE_IPAD = NO;
				SWIFT_EMIT_LOC_STRINGS = YES;
				SWIFT_VERSION = 5.0;
				TARGETED_DEVICE_FAMILY = 1;
			};
			name = Release;
		};
/* End XCBuildConfiguration section */

/* Begin XCConfigurationList section */
		15707DEF2C3C63ED005093BB /* Build configuration list for PBXProject "ImageFeedIos" */ = {
			isa = XCConfigurationList;
			buildConfigurations = (
				15707E062C3C63EE005093BB /* Debug */,
				15707E072C3C63EE005093BB /* Release */,
			);
			defaultConfigurationIsVisible = 0;
			defaultConfigurationName = Release;
		};
		15707E082C3C63EE005093BB /* Build configuration list for PBXNativeTarget "ImageFeedIos" */ = {
			isa = XCConfigurationList;
			buildConfigurations = (
				15707E092C3C63EE005093BB /* Debug */,
				15707E0A2C3C63EE005093BB /* Release */,
			);
			defaultConfigurationIsVisible = 0;
			defaultConfigurationName = Release;
		};
/* End XCConfigurationList section */

/* Begin XCRemoteSwiftPackageReference section */
		151D8A472C6BFF8E004A5DD3 /* XCRemoteSwiftPackageReference "ProgressHUD" */ = {
			isa = XCRemoteSwiftPackageReference;
			repositoryURL = "https://github.com/relatedcode/ProgressHUD";
			requirement = {
				kind = exactVersion;
				version = 14.1.3;
			};
		};
		155021F52C7C4E2100E8896F /* XCRemoteSwiftPackageReference "Kingfisher" */ = {
			isa = XCRemoteSwiftPackageReference;
			repositoryURL = "https://github.com/onevcat/Kingfisher.git";
			requirement = {
				kind = exactVersion;
				version = 7.12.0;
			};
		};
		15F5E2A42C80F8E100EF8720 /* XCRemoteSwiftPackageReference "SwiftKeychainWrapper" */ = {
			isa = XCRemoteSwiftPackageReference;
			repositoryURL = "https://github.com/jrendel/SwiftKeychainWrapper";
			requirement = {
				kind = exactVersion;
				version = 4.0.1;
			};
		};
/* End XCRemoteSwiftPackageReference section */

/* Begin XCSwiftPackageProductDependency section */
		151D8A482C6BFF8E004A5DD3 /* ProgressHUD */ = {
			isa = XCSwiftPackageProductDependency;
			package = 151D8A472C6BFF8E004A5DD3 /* XCRemoteSwiftPackageReference "ProgressHUD" */;
			productName = ProgressHUD;
		};
		155021F62C7C4E2100E8896F /* Kingfisher */ = {
			isa = XCSwiftPackageProductDependency;
			package = 155021F52C7C4E2100E8896F /* XCRemoteSwiftPackageReference "Kingfisher" */;
			productName = Kingfisher;
		};
		15F5E2A52C80F8E100EF8720 /* SwiftKeychainWrapper */ = {
			isa = XCSwiftPackageProductDependency;
			package = 15F5E2A42C80F8E100EF8720 /* XCRemoteSwiftPackageReference "SwiftKeychainWrapper" */;
			productName = SwiftKeychainWrapper;
		};
/* End XCSwiftPackageProductDependency section */
	};
	rootObject = 15707DEC2C3C63ED005093BB /* Project object */;
}
